
Microsoft Visual Studio Solution File, Format Version 12.00
# Visual Studio 15
VisualStudioVersion = 15.0.27004.2002
MinimumVisualStudioVersion = 10.0.40219.1
Project("{9A19103F-16F7-4668-BE54-9A1E7A4F7556}") = "Console", "Console\Console.csproj", "{6BC2B1A0-556B-485B-A566-61ECF8E72518}"
EndProject
Project("{FAE04EC0-301F-11D3-BF4B-00C04F79EFBC}") = "Core", "Core\Core.csproj", "{B1E54CE6-ACE9-436F-A052-5EE64D0874D7}"
EndProject
Global
	GlobalSection(SolutionConfigurationPlatforms) = preSolution
		Debug|Any CPU = Debug|Any CPU
		Release|Any CPU = Release|Any CPU
	EndGlobalSection
	GlobalSection(ProjectConfigurationPlatforms) = postSolution
		{6BC2B1A0-556B-485B-A566-61ECF8E72518}.Debug|Any CPU.ActiveCfg = Debug|Any CPU
		{6BC2B1A0-556B-485B-A566-61ECF8E72518}.Debug|Any CPU.Build.0 = Debug|Any CPU
		{6BC2B1A0-556B-485B-A566-61ECF8E72518}.Release|Any CPU.ActiveCfg = Release|Any CPU
		{6BC2B1A0-556B-485B-A566-61ECF8E72518}.Release|Any CPU.Build.0 = Release|Any CPU
		{B1E54CE6-ACE9-436F-A052-5EE64D0874D7}.Debug|Any CPU.ActiveCfg = Debug|Any CPU
		{B1E54CE6-ACE9-436F-A052-5EE64D0874D7}.Debug|Any CPU.Build.0 = Debug|Any CPU
		{B1E54CE6-ACE9-436F-A052-5EE64D0874D7}.Release|Any CPU.ActiveCfg = Release|Any CPU
		{B1E54CE6-ACE9-436F-A052-5EE64D0874D7}.Release|Any CPU.Build.0 = Release|Any CPU
	EndGlobalSection
	GlobalSection(SolutionProperties) = preSolution
		HideSolutionNode = FALSE
	EndGlobalSection
	GlobalSection(ExtensibilityGlobals) = postSolution
		SolutionGuid = {A5E157E1-18F4-4860-9CC0-C4D4C9E95675}
	EndGlobalSection
EndGlobal
